
Microsoft Visual Studio Solution File, Format Version 12.00
# Visual Studio 15
VisualStudioVersion = 15.0.26124.0
MinimumVisualStudioVersion = 15.0.26124.0
Project("{FAE04EC0-301F-11D3-BF4B-00C04F79EFBC}") = "SharpTileRenderer.Navigation", "src\SharpTileRenderer.Navigation\SharpTileRenderer.Navigation.csproj", "{E8A8D9EE-7F92-4B46-9073-0C1EF9A36F72}"
EndProject
Project("{FAE04EC0-301F-11D3-BF4B-00C04F79EFBC}") = "SharpTileRenderer.TileMatching", "src\SharpTileRenderer.TileMatching\SharpTileRenderer.TileMatching.csproj", "{C42E0FF0-66C1-4DB9-8759-A23DCEF55817}"
EndProject
Project("{FAE04EC0-301F-11D3-BF4B-00C04F79EFBC}") = "SharpTileRenderer.TexturePack", "src\SharpTileRenderer.TexturePack\SharpTileRenderer.TexturePack.csproj", "{6D111691-CFA0-4226-9420-97BE3AB7B5D9}"
EndProject
Project("{FAE04EC0-301F-11D3-BF4B-00C04F79EFBC}") = "SharpTileRenderer.Drawing", "src\SharpTileRenderer.Drawing\SharpTileRenderer.Drawing.csproj", "{D91BAB18-7B8B-4202-8B71-0217EFE7FBFF}"
EndProject
Project("{FAE04EC0-301F-11D3-BF4B-00C04F79EFBC}") = "SharpTileRenderer.Drawing.Monogame", "src\SharpTileRenderer.Drawing.Monogame\SharpTileRenderer.Drawing.Monogame.csproj", "{F87C2AC5-190D-475C-9B40-645D23C75175}"
EndProject
Project("{FAE04EC0-301F-11D3-BF4B-00C04F79EFBC}") = "SharpTileRenderer.Tests", "tests\SharpTileRenderer.Tests\SharpTileRenderer.Tests.csproj", "{20BB22D2-2BEF-4963-9D99-D09126B68DBF}"
EndProject
Project("{FAE04EC0-301F-11D3-BF4B-00C04F79EFBC}") = "SharpTileRenderer.TexturePack.Xml", "src\SharpTileRenderer.TexturePack.Xml\SharpTileRenderer.TexturePack.Xml.csproj", "{EAA25E26-1464-41D0-866C-406E0D42F703}"
EndProject
Project("{FAE04EC0-301F-11D3-BF4B-00C04F79EFBC}") = "SharpTileRenderer.TexturePack.Yaml", "src\SharpTileRenderer.TexturePack.Yaml\SharpTileRenderer.TexturePack.Yaml.csproj", "{4734D80E-5CB9-449D-922D-116635AA8BC5}"
EndProject
Project("{FAE04EC0-301F-11D3-BF4B-00C04F79EFBC}") = "SharpTileRenderer.TileMatching.Xml", "src\SharpTileRenderer.TileMatching.Xml\SharpTileRenderer.TileMatching.Xml.csproj", "{8FEF95E4-7AA2-42B0-A267-94ADCC5C9045}"
EndProject
Project("{FAE04EC0-301F-11D3-BF4B-00C04F79EFBC}") = "SharpTileRenderer.TileMatching.Yaml", "src\SharpTileRenderer.TileMatching.Yaml\SharpTileRenderer.TileMatching.Yaml.csproj", "{2214FC25-2285-466A-AAC6-4EF80D948C37}"
EndProject
Project("{FAE04EC0-301F-11D3-BF4B-00C04F79EFBC}") = "SharpTileRenderer.Strategy.Base", "samples\SharpTileRenderer.Strategy.Base\SharpTileRenderer.Strategy.Base.csproj", "{582341F1-D6F7-44C9-B47C-24939E796737}"
EndProject
Project("{FAE04EC0-301F-11D3-BF4B-00C04F79EFBC}") = "SharpTileRenderer.Strategy.MonoGame", "samples\SharpTileRenderer.Strategy.MonoGame\SharpTileRenderer.Strategy.MonoGame.csproj", "{7B367DA0-7ECB-4649-9E5E-707A67FD1626}"
EndProject
Project("{FAE04EC0-301F-11D3-BF4B-00C04F79EFBC}") = "SharpTileRenderer.TileBlending", "src\SharpTileRenderer.TileBlending\SharpTileRenderer.TileBlending.csproj", "{5CAA597A-94AD-457A-8C31-BFF1D24F1A18}"
EndProject
Project("{FAE04EC0-301F-11D3-BF4B-00C04F79EFBC}") = "SharpTileRenderer", "src\SharpTileRenderer\SharpTileRenderer.csproj", "{F4DD3186-F2F7-4825-A784-C49F385413E8}"
EndProject
Project("{FAE04EC0-301F-11D3-BF4B-00C04F79EFBC}") = "SharpTileRenderer.Xml", "src\SharpTileRenderer.Xml\SharpTileRenderer.Xml.csproj", "{072C2628-9D3C-467A-8927-48C43903D77A}"
EndProject
Project("{FAE04EC0-301F-11D3-BF4B-00C04F79EFBC}") = "SharpTileRenderer.Yaml", "src\SharpTileRenderer.Yaml\SharpTileRenderer.Yaml.csproj", "{B3F2FBF1-985F-40C7-94E1-DA835C9E808F}"
EndProject
Project("{FAE04EC0-301F-11D3-BF4B-00C04F79EFBC}") = "SharpTileRenderer.RPG.Base", "samples\SharpTileRenderer.RPG.Base\SharpTileRenderer.RPG.Base.csproj", "{A46FDE08-8900-4B67-A735-E83605B39682}"
EndProject
Project("{FAE04EC0-301F-11D3-BF4B-00C04F79EFBC}") = "SharpTileRenderer.RPG.MonoGame", "samples\SharpTileRenderer.RPG.MonoGame\SharpTileRenderer.RPG.MonoGame.csproj", "{08400B14-04F4-4B66-822F-ED6343B1A8D3}"
EndProject
Global
	GlobalSection(SolutionConfigurationPlatforms) = preSolution
		Debug|Any CPU = Debug|Any CPU
		Debug|x64 = Debug|x64
		Debug|x86 = Debug|x86
		Release|Any CPU = Release|Any CPU
		Release|x64 = Release|x64
		Release|x86 = Release|x86
	EndGlobalSection
	GlobalSection(SolutionProperties) = preSolution
		HideSolutionNode = FALSE
	EndGlobalSection
	GlobalSection(ProjectConfigurationPlatforms) = postSolution
		{E8A8D9EE-7F92-4B46-9073-0C1EF9A36F72}.Debug|Any CPU.ActiveCfg = Debug|Any CPU
		{E8A8D9EE-7F92-4B46-9073-0C1EF9A36F72}.Debug|Any CPU.Build.0 = Debug|Any CPU
		{E8A8D9EE-7F92-4B46-9073-0C1EF9A36F72}.Debug|x64.ActiveCfg = Debug|Any CPU
		{E8A8D9EE-7F92-4B46-9073-0C1EF9A36F72}.Debug|x64.Build.0 = Debug|Any CPU
		{E8A8D9EE-7F92-4B46-9073-0C1EF9A36F72}.Debug|x86.ActiveCfg = Debug|Any CPU
		{E8A8D9EE-7F92-4B46-9073-0C1EF9A36F72}.Debug|x86.Build.0 = Debug|Any CPU
		{E8A8D9EE-7F92-4B46-9073-0C1EF9A36F72}.Release|Any CPU.ActiveCfg = Release|Any CPU
		{E8A8D9EE-7F92-4B46-9073-0C1EF9A36F72}.Release|Any CPU.Build.0 = Release|Any CPU
		{E8A8D9EE-7F92-4B46-9073-0C1EF9A36F72}.Release|x64.ActiveCfg = Release|Any CPU
		{E8A8D9EE-7F92-4B46-9073-0C1EF9A36F72}.Release|x64.Build.0 = Release|Any CPU
		{E8A8D9EE-7F92-4B46-9073-0C1EF9A36F72}.Release|x86.ActiveCfg = Release|Any CPU
		{E8A8D9EE-7F92-4B46-9073-0C1EF9A36F72}.Release|x86.Build.0 = Release|Any CPU
		{C42E0FF0-66C1-4DB9-8759-A23DCEF55817}.Debug|Any CPU.ActiveCfg = Debug|Any CPU
		{C42E0FF0-66C1-4DB9-8759-A23DCEF55817}.Debug|Any CPU.Build.0 = Debug|Any CPU
		{C42E0FF0-66C1-4DB9-8759-A23DCEF55817}.Debug|x64.ActiveCfg = Debug|Any CPU
		{C42E0FF0-66C1-4DB9-8759-A23DCEF55817}.Debug|x64.Build.0 = Debug|Any CPU
		{C42E0FF0-66C1-4DB9-8759-A23DCEF55817}.Debug|x86.ActiveCfg = Debug|Any CPU
		{C42E0FF0-66C1-4DB9-8759-A23DCEF55817}.Debug|x86.Build.0 = Debug|Any CPU
		{C42E0FF0-66C1-4DB9-8759-A23DCEF55817}.Release|Any CPU.ActiveCfg = Release|Any CPU
		{C42E0FF0-66C1-4DB9-8759-A23DCEF55817}.Release|Any CPU.Build.0 = Release|Any CPU
		{C42E0FF0-66C1-4DB9-8759-A23DCEF55817}.Release|x64.ActiveCfg = Release|Any CPU
		{C42E0FF0-66C1-4DB9-8759-A23DCEF55817}.Release|x64.Build.0 = Release|Any CPU
		{C42E0FF0-66C1-4DB9-8759-A23DCEF55817}.Release|x86.ActiveCfg = Release|Any CPU
		{C42E0FF0-66C1-4DB9-8759-A23DCEF55817}.Release|x86.Build.0 = Release|Any CPU
		{6D111691-CFA0-4226-9420-97BE3AB7B5D9}.Debug|Any CPU.ActiveCfg = Debug|Any CPU
		{6D111691-CFA0-4226-9420-97BE3AB7B5D9}.Debug|Any CPU.Build.0 = Debug|Any CPU
		{6D111691-CFA0-4226-9420-97BE3AB7B5D9}.Debug|x64.ActiveCfg = Debug|Any CPU
		{6D111691-CFA0-4226-9420-97BE3AB7B5D9}.Debug|x64.Build.0 = Debug|Any CPU
		{6D111691-CFA0-4226-9420-97BE3AB7B5D9}.Debug|x86.ActiveCfg = Debug|Any CPU
		{6D111691-CFA0-4226-9420-97BE3AB7B5D9}.Debug|x86.Build.0 = Debug|Any CPU
		{6D111691-CFA0-4226-9420-97BE3AB7B5D9}.Release|Any CPU.ActiveCfg = Release|Any CPU
		{6D111691-CFA0-4226-9420-97BE3AB7B5D9}.Release|Any CPU.Build.0 = Release|Any CPU
		{6D111691-CFA0-4226-9420-97BE3AB7B5D9}.Release|x64.ActiveCfg = Release|Any CPU
		{6D111691-CFA0-4226-9420-97BE3AB7B5D9}.Release|x64.Build.0 = Release|Any CPU
		{6D111691-CFA0-4226-9420-97BE3AB7B5D9}.Release|x86.ActiveCfg = Release|Any CPU
		{6D111691-CFA0-4226-9420-97BE3AB7B5D9}.Release|x86.Build.0 = Release|Any CPU
		{D91BAB18-7B8B-4202-8B71-0217EFE7FBFF}.Debug|Any CPU.ActiveCfg = Debug|Any CPU
		{D91BAB18-7B8B-4202-8B71-0217EFE7FBFF}.Debug|Any CPU.Build.0 = Debug|Any CPU
		{D91BAB18-7B8B-4202-8B71-0217EFE7FBFF}.Debug|x64.ActiveCfg = Debug|Any CPU
		{D91BAB18-7B8B-4202-8B71-0217EFE7FBFF}.Debug|x64.Build.0 = Debug|Any CPU
		{D91BAB18-7B8B-4202-8B71-0217EFE7FBFF}.Debug|x86.ActiveCfg = Debug|Any CPU
		{D91BAB18-7B8B-4202-8B71-0217EFE7FBFF}.Debug|x86.Build.0 = Debug|Any CPU
		{D91BAB18-7B8B-4202-8B71-0217EFE7FBFF}.Release|Any CPU.ActiveCfg = Release|Any CPU
		{D91BAB18-7B8B-4202-8B71-0217EFE7FBFF}.Release|Any CPU.Build.0 = Release|Any CPU
		{D91BAB18-7B8B-4202-8B71-0217EFE7FBFF}.Release|x64.ActiveCfg = Release|Any CPU
		{D91BAB18-7B8B-4202-8B71-0217EFE7FBFF}.Release|x64.Build.0 = Release|Any CPU
		{D91BAB18-7B8B-4202-8B71-0217EFE7FBFF}.Release|x86.ActiveCfg = Release|Any CPU
		{D91BAB18-7B8B-4202-8B71-0217EFE7FBFF}.Release|x86.Build.0 = Release|Any CPU
		{F87C2AC5-190D-475C-9B40-645D23C75175}.Debug|Any CPU.ActiveCfg = Debug|Any CPU
		{F87C2AC5-190D-475C-9B40-645D23C75175}.Debug|Any CPU.Build.0 = Debug|Any CPU
		{F87C2AC5-190D-475C-9B40-645D23C75175}.Debug|x64.ActiveCfg = Debug|Any CPU
		{F87C2AC5-190D-475C-9B40-645D23C75175}.Debug|x64.Build.0 = Debug|Any CPU
		{F87C2AC5-190D-475C-9B40-645D23C75175}.Debug|x86.ActiveCfg = Debug|Any CPU
		{F87C2AC5-190D-475C-9B40-645D23C75175}.Debug|x86.Build.0 = Debug|Any CPU
		{F87C2AC5-190D-475C-9B40-645D23C75175}.Release|Any CPU.ActiveCfg = Release|Any CPU
		{F87C2AC5-190D-475C-9B40-645D23C75175}.Release|Any CPU.Build.0 = Release|Any CPU
		{F87C2AC5-190D-475C-9B40-645D23C75175}.Release|x64.ActiveCfg = Release|Any CPU
		{F87C2AC5-190D-475C-9B40-645D23C75175}.Release|x64.Build.0 = Release|Any CPU
		{F87C2AC5-190D-475C-9B40-645D23C75175}.Release|x86.ActiveCfg = Release|Any CPU
		{F87C2AC5-190D-475C-9B40-645D23C75175}.Release|x86.Build.0 = Release|Any CPU
		{20BB22D2-2BEF-4963-9D99-D09126B68DBF}.Debug|Any CPU.ActiveCfg = Debug|Any CPU
		{20BB22D2-2BEF-4963-9D99-D09126B68DBF}.Debug|Any CPU.Build.0 = Debug|Any CPU
		{20BB22D2-2BEF-4963-9D99-D09126B68DBF}.Debug|x64.ActiveCfg = Debug|Any CPU
		{20BB22D2-2BEF-4963-9D99-D09126B68DBF}.Debug|x64.Build.0 = Debug|Any CPU
		{20BB22D2-2BEF-4963-9D99-D09126B68DBF}.Debug|x86.ActiveCfg = Debug|Any CPU
		{20BB22D2-2BEF-4963-9D99-D09126B68DBF}.Debug|x86.Build.0 = Debug|Any CPU
		{20BB22D2-2BEF-4963-9D99-D09126B68DBF}.Release|Any CPU.ActiveCfg = Release|Any CPU
		{20BB22D2-2BEF-4963-9D99-D09126B68DBF}.Release|Any CPU.Build.0 = Release|Any CPU
		{20BB22D2-2BEF-4963-9D99-D09126B68DBF}.Release|x64.ActiveCfg = Release|Any CPU
		{20BB22D2-2BEF-4963-9D99-D09126B68DBF}.Release|x64.Build.0 = Release|Any CPU
		{20BB22D2-2BEF-4963-9D99-D09126B68DBF}.Release|x86.ActiveCfg = Release|Any CPU
		{20BB22D2-2BEF-4963-9D99-D09126B68DBF}.Release|x86.Build.0 = Release|Any CPU
		{EAA25E26-1464-41D0-866C-406E0D42F703}.Debug|Any CPU.ActiveCfg = Debug|Any CPU
		{EAA25E26-1464-41D0-866C-406E0D42F703}.Debug|Any CPU.Build.0 = Debug|Any CPU
		{EAA25E26-1464-41D0-866C-406E0D42F703}.Debug|x64.ActiveCfg = Debug|Any CPU
		{EAA25E26-1464-41D0-866C-406E0D42F703}.Debug|x64.Build.0 = Debug|Any CPU
		{EAA25E26-1464-41D0-866C-406E0D42F703}.Debug|x86.ActiveCfg = Debug|Any CPU
		{EAA25E26-1464-41D0-866C-406E0D42F703}.Debug|x86.Build.0 = Debug|Any CPU
		{EAA25E26-1464-41D0-866C-406E0D42F703}.Release|Any CPU.ActiveCfg = Release|Any CPU
		{EAA25E26-1464-41D0-866C-406E0D42F703}.Release|Any CPU.Build.0 = Release|Any CPU
		{EAA25E26-1464-41D0-866C-406E0D42F703}.Release|x64.ActiveCfg = Release|Any CPU
		{EAA25E26-1464-41D0-866C-406E0D42F703}.Release|x64.Build.0 = Release|Any CPU
		{EAA25E26-1464-41D0-866C-406E0D42F703}.Release|x86.ActiveCfg = Release|Any CPU
		{EAA25E26-1464-41D0-866C-406E0D42F703}.Release|x86.Build.0 = Release|Any CPU
		{4734D80E-5CB9-449D-922D-116635AA8BC5}.Debug|Any CPU.ActiveCfg = Debug|Any CPU
		{4734D80E-5CB9-449D-922D-116635AA8BC5}.Debug|Any CPU.Build.0 = Debug|Any CPU
		{4734D80E-5CB9-449D-922D-116635AA8BC5}.Debug|x64.ActiveCfg = Debug|Any CPU
		{4734D80E-5CB9-449D-922D-116635AA8BC5}.Debug|x64.Build.0 = Debug|Any CPU
		{4734D80E-5CB9-449D-922D-116635AA8BC5}.Debug|x86.ActiveCfg = Debug|Any CPU
		{4734D80E-5CB9-449D-922D-116635AA8BC5}.Debug|x86.Build.0 = Debug|Any CPU
		{4734D80E-5CB9-449D-922D-116635AA8BC5}.Release|Any CPU.ActiveCfg = Release|Any CPU
		{4734D80E-5CB9-449D-922D-116635AA8BC5}.Release|Any CPU.Build.0 = Release|Any CPU
		{4734D80E-5CB9-449D-922D-116635AA8BC5}.Release|x64.ActiveCfg = Release|Any CPU
		{4734D80E-5CB9-449D-922D-116635AA8BC5}.Release|x64.Build.0 = Release|Any CPU
		{4734D80E-5CB9-449D-922D-116635AA8BC5}.Release|x86.ActiveCfg = Release|Any CPU
		{4734D80E-5CB9-449D-922D-116635AA8BC5}.Release|x86.Build.0 = Release|Any CPU
		{8FEF95E4-7AA2-42B0-A267-94ADCC5C9045}.Debug|Any CPU.ActiveCfg = Debug|Any CPU
		{8FEF95E4-7AA2-42B0-A267-94ADCC5C9045}.Debug|Any CPU.Build.0 = Debug|Any CPU
		{8FEF95E4-7AA2-42B0-A267-94ADCC5C9045}.Debug|x64.ActiveCfg = Debug|Any CPU
		{8FEF95E4-7AA2-42B0-A267-94ADCC5C9045}.Debug|x64.Build.0 = Debug|Any CPU
		{8FEF95E4-7AA2-42B0-A267-94ADCC5C9045}.Debug|x86.ActiveCfg = Debug|Any CPU
		{8FEF95E4-7AA2-42B0-A267-94ADCC5C9045}.Debug|x86.Build.0 = Debug|Any CPU
		{8FEF95E4-7AA2-42B0-A267-94ADCC5C9045}.Release|Any CPU.ActiveCfg = Release|Any CPU
		{8FEF95E4-7AA2-42B0-A267-94ADCC5C9045}.Release|Any CPU.Build.0 = Release|Any CPU
		{8FEF95E4-7AA2-42B0-A267-94ADCC5C9045}.Release|x64.ActiveCfg = Release|Any CPU
		{8FEF95E4-7AA2-42B0-A267-94ADCC5C9045}.Release|x64.Build.0 = Release|Any CPU
		{8FEF95E4-7AA2-42B0-A267-94ADCC5C9045}.Release|x86.ActiveCfg = Release|Any CPU
		{8FEF95E4-7AA2-42B0-A267-94ADCC5C9045}.Release|x86.Build.0 = Release|Any CPU
		{2214FC25-2285-466A-AAC6-4EF80D948C37}.Debug|Any CPU.ActiveCfg = Debug|Any CPU
		{2214FC25-2285-466A-AAC6-4EF80D948C37}.Debug|Any CPU.Build.0 = Debug|Any CPU
		{2214FC25-2285-466A-AAC6-4EF80D948C37}.Debug|x64.ActiveCfg = Debug|Any CPU
		{2214FC25-2285-466A-AAC6-4EF80D948C37}.Debug|x64.Build.0 = Debug|Any CPU
		{2214FC25-2285-466A-AAC6-4EF80D948C37}.Debug|x86.ActiveCfg = Debug|Any CPU
		{2214FC25-2285-466A-AAC6-4EF80D948C37}.Debug|x86.Build.0 = Debug|Any CPU
		{2214FC25-2285-466A-AAC6-4EF80D948C37}.Release|Any CPU.ActiveCfg = Release|Any CPU
		{2214FC25-2285-466A-AAC6-4EF80D948C37}.Release|Any CPU.Build.0 = Release|Any CPU
		{2214FC25-2285-466A-AAC6-4EF80D948C37}.Release|x64.ActiveCfg = Release|Any CPU
		{2214FC25-2285-466A-AAC6-4EF80D948C37}.Release|x64.Build.0 = Release|Any CPU
		{2214FC25-2285-466A-AAC6-4EF80D948C37}.Release|x86.ActiveCfg = Release|Any CPU
		{2214FC25-2285-466A-AAC6-4EF80D948C37}.Release|x86.Build.0 = Release|Any CPU
		{582341F1-D6F7-44C9-B47C-24939E796737}.Debug|Any CPU.ActiveCfg = Debug|Any CPU
		{582341F1-D6F7-44C9-B47C-24939E796737}.Debug|Any CPU.Build.0 = Debug|Any CPU
		{582341F1-D6F7-44C9-B47C-24939E796737}.Debug|x64.ActiveCfg = Debug|Any CPU
		{582341F1-D6F7-44C9-B47C-24939E796737}.Debug|x64.Build.0 = Debug|Any CPU
		{582341F1-D6F7-44C9-B47C-24939E796737}.Debug|x86.ActiveCfg = Debug|Any CPU
		{582341F1-D6F7-44C9-B47C-24939E796737}.Debug|x86.Build.0 = Debug|Any CPU
		{582341F1-D6F7-44C9-B47C-24939E796737}.Release|Any CPU.ActiveCfg = Release|Any CPU
		{582341F1-D6F7-44C9-B47C-24939E796737}.Release|Any CPU.Build.0 = Release|Any CPU
		{582341F1-D6F7-44C9-B47C-24939E796737}.Release|x64.ActiveCfg = Release|Any CPU
		{582341F1-D6F7-44C9-B47C-24939E796737}.Release|x64.Build.0 = Release|Any CPU
		{582341F1-D6F7-44C9-B47C-24939E796737}.Release|x86.ActiveCfg = Release|Any CPU
		{582341F1-D6F7-44C9-B47C-24939E796737}.Release|x86.Build.0 = Release|Any CPU
		{7B367DA0-7ECB-4649-9E5E-707A67FD1626}.Debug|Any CPU.ActiveCfg = Debug|Any CPU
		{7B367DA0-7ECB-4649-9E5E-707A67FD1626}.Debug|Any CPU.Build.0 = Debug|Any CPU
		{7B367DA0-7ECB-4649-9E5E-707A67FD1626}.Debug|x64.ActiveCfg = Debug|Any CPU
		{7B367DA0-7ECB-4649-9E5E-707A67FD1626}.Debug|x64.Build.0 = Debug|Any CPU
		{7B367DA0-7ECB-4649-9E5E-707A67FD1626}.Debug|x86.ActiveCfg = Debug|Any CPU
		{7B367DA0-7ECB-4649-9E5E-707A67FD1626}.Debug|x86.Build.0 = Debug|Any CPU
		{7B367DA0-7ECB-4649-9E5E-707A67FD1626}.Release|Any CPU.ActiveCfg = Release|Any CPU
		{7B367DA0-7ECB-4649-9E5E-707A67FD1626}.Release|Any CPU.Build.0 = Release|Any CPU
		{7B367DA0-7ECB-4649-9E5E-707A67FD1626}.Release|x64.ActiveCfg = Release|Any CPU
		{7B367DA0-7ECB-4649-9E5E-707A67FD1626}.Release|x64.Build.0 = Release|Any CPU
		{7B367DA0-7ECB-4649-9E5E-707A67FD1626}.Release|x86.ActiveCfg = Release|Any CPU
		{7B367DA0-7ECB-4649-9E5E-707A67FD1626}.Release|x86.Build.0 = Release|Any CPU
		{5CAA597A-94AD-457A-8C31-BFF1D24F1A18}.Debug|Any CPU.ActiveCfg = Debug|Any CPU
		{5CAA597A-94AD-457A-8C31-BFF1D24F1A18}.Debug|Any CPU.Build.0 = Debug|Any CPU
		{5CAA597A-94AD-457A-8C31-BFF1D24F1A18}.Debug|x64.ActiveCfg = Debug|Any CPU
		{5CAA597A-94AD-457A-8C31-BFF1D24F1A18}.Debug|x64.Build.0 = Debug|Any CPU
		{5CAA597A-94AD-457A-8C31-BFF1D24F1A18}.Debug|x86.ActiveCfg = Debug|Any CPU
		{5CAA597A-94AD-457A-8C31-BFF1D24F1A18}.Debug|x86.Build.0 = Debug|Any CPU
		{5CAA597A-94AD-457A-8C31-BFF1D24F1A18}.Release|Any CPU.ActiveCfg = Release|Any CPU
		{5CAA597A-94AD-457A-8C31-BFF1D24F1A18}.Release|Any CPU.Build.0 = Release|Any CPU
		{5CAA597A-94AD-457A-8C31-BFF1D24F1A18}.Release|x64.ActiveCfg = Release|Any CPU
		{5CAA597A-94AD-457A-8C31-BFF1D24F1A18}.Release|x64.Build.0 = Release|Any CPU
		{5CAA597A-94AD-457A-8C31-BFF1D24F1A18}.Release|x86.ActiveCfg = Release|Any CPU
		{5CAA597A-94AD-457A-8C31-BFF1D24F1A18}.Release|x86.Build.0 = Release|Any CPU
		{F4DD3186-F2F7-4825-A784-C49F385413E8}.Debug|Any CPU.ActiveCfg = Debug|Any CPU
		{F4DD3186-F2F7-4825-A784-C49F385413E8}.Debug|Any CPU.Build.0 = Debug|Any CPU
		{F4DD3186-F2F7-4825-A784-C49F385413E8}.Debug|x64.ActiveCfg = Debug|Any CPU
		{F4DD3186-F2F7-4825-A784-C49F385413E8}.Debug|x64.Build.0 = Debug|Any CPU
		{F4DD3186-F2F7-4825-A784-C49F385413E8}.Debug|x86.ActiveCfg = Debug|Any CPU
		{F4DD3186-F2F7-4825-A784-C49F385413E8}.Debug|x86.Build.0 = Debug|Any CPU
		{F4DD3186-F2F7-4825-A784-C49F385413E8}.Release|Any CPU.ActiveCfg = Release|Any CPU
		{F4DD3186-F2F7-4825-A784-C49F385413E8}.Release|Any CPU.Build.0 = Release|Any CPU
		{F4DD3186-F2F7-4825-A784-C49F385413E8}.Release|x64.ActiveCfg = Release|Any CPU
		{F4DD3186-F2F7-4825-A784-C49F385413E8}.Release|x64.Build.0 = Release|Any CPU
		{F4DD3186-F2F7-4825-A784-C49F385413E8}.Release|x86.ActiveCfg = Release|Any CPU
		{F4DD3186-F2F7-4825-A784-C49F385413E8}.Release|x86.Build.0 = Release|Any CPU
		{072C2628-9D3C-467A-8927-48C43903D77A}.Debug|Any CPU.ActiveCfg = Debug|Any CPU
		{072C2628-9D3C-467A-8927-48C43903D77A}.Debug|Any CPU.Build.0 = Debug|Any CPU
		{072C2628-9D3C-467A-8927-48C43903D77A}.Debug|x64.ActiveCfg = Debug|Any CPU
		{072C2628-9D3C-467A-8927-48C43903D77A}.Debug|x64.Build.0 = Debug|Any CPU
		{072C2628-9D3C-467A-8927-48C43903D77A}.Debug|x86.ActiveCfg = Debug|Any CPU
		{072C2628-9D3C-467A-8927-48C43903D77A}.Debug|x86.Build.0 = Debug|Any CPU
		{072C2628-9D3C-467A-8927-48C43903D77A}.Release|Any CPU.ActiveCfg = Release|Any CPU
		{072C2628-9D3C-467A-8927-48C43903D77A}.Release|Any CPU.Build.0 = Release|Any CPU
		{072C2628-9D3C-467A-8927-48C43903D77A}.Release|x64.ActiveCfg = Release|Any CPU
		{072C2628-9D3C-467A-8927-48C43903D77A}.Release|x64.Build.0 = Release|Any CPU
		{072C2628-9D3C-467A-8927-48C43903D77A}.Release|x86.ActiveCfg = Release|Any CPU
		{072C2628-9D3C-467A-8927-48C43903D77A}.Release|x86.Build.0 = Release|Any CPU
		{B3F2FBF1-985F-40C7-94E1-DA835C9E808F}.Debug|Any CPU.ActiveCfg = Debug|Any CPU
		{B3F2FBF1-985F-40C7-94E1-DA835C9E808F}.Debug|Any CPU.Build.0 = Debug|Any CPU
		{B3F2FBF1-985F-40C7-94E1-DA835C9E808F}.Debug|x64.ActiveCfg = Debug|Any CPU
		{B3F2FBF1-985F-40C7-94E1-DA835C9E808F}.Debug|x64.Build.0 = Debug|Any CPU
		{B3F2FBF1-985F-40C7-94E1-DA835C9E808F}.Debug|x86.ActiveCfg = Debug|Any CPU
		{B3F2FBF1-985F-40C7-94E1-DA835C9E808F}.Debug|x86.Build.0 = Debug|Any CPU
		{B3F2FBF1-985F-40C7-94E1-DA835C9E808F}.Release|Any CPU.ActiveCfg = Release|Any CPU
		{B3F2FBF1-985F-40C7-94E1-DA835C9E808F}.Release|Any CPU.Build.0 = Release|Any CPU
		{B3F2FBF1-985F-40C7-94E1-DA835C9E808F}.Release|x64.ActiveCfg = Release|Any CPU
		{B3F2FBF1-985F-40C7-94E1-DA835C9E808F}.Release|x64.Build.0 = Release|Any CPU
		{B3F2FBF1-985F-40C7-94E1-DA835C9E808F}.Release|x86.ActiveCfg = Release|Any CPU
		{B3F2FBF1-985F-40C7-94E1-DA835C9E808F}.Release|x86.Build.0 = Release|Any CPU
		{A46FDE08-8900-4B67-A735-E83605B39682}.Debug|Any CPU.ActiveCfg = Debug|Any CPU
		{A46FDE08-8900-4B67-A735-E83605B39682}.Debug|Any CPU.Build.0 = Debug|Any CPU
		{A46FDE08-8900-4B67-A735-E83605B39682}.Debug|x64.ActiveCfg = Debug|Any CPU
		{A46FDE08-8900-4B67-A735-E83605B39682}.Debug|x64.Build.0 = Debug|Any CPU
		{A46FDE08-8900-4B67-A735-E83605B39682}.Debug|x86.ActiveCfg = Debug|Any CPU
		{A46FDE08-8900-4B67-A735-E83605B39682}.Debug|x86.Build.0 = Debug|Any CPU
		{A46FDE08-8900-4B67-A735-E83605B39682}.Release|Any CPU.ActiveCfg = Release|Any CPU
		{A46FDE08-8900-4B67-A735-E83605B39682}.Release|Any CPU.Build.0 = Release|Any CPU
		{A46FDE08-8900-4B67-A735-E83605B39682}.Release|x64.ActiveCfg = Release|Any CPU
		{A46FDE08-8900-4B67-A735-E83605B39682}.Release|x64.Build.0 = Release|Any CPU
		{A46FDE08-8900-4B67-A735-E83605B39682}.Release|x86.ActiveCfg = Release|Any CPU
		{A46FDE08-8900-4B67-A735-E83605B39682}.Release|x86.Build.0 = Release|Any CPU
		{08400B14-04F4-4B66-822F-ED6343B1A8D3}.Debug|Any CPU.ActiveCfg = Debug|Any CPU
		{08400B14-04F4-4B66-822F-ED6343B1A8D3}.Debug|Any CPU.Build.0 = Debug|Any CPU
		{08400B14-04F4-4B66-822F-ED6343B1A8D3}.Debug|x64.ActiveCfg = Debug|Any CPU
		{08400B14-04F4-4B66-822F-ED6343B1A8D3}.Debug|x64.Build.0 = Debug|Any CPU
		{08400B14-04F4-4B66-822F-ED6343B1A8D3}.Debug|x86.ActiveCfg = Debug|Any CPU
		{08400B14-04F4-4B66-822F-ED6343B1A8D3}.Debug|x86.Build.0 = Debug|Any CPU
		{08400B14-04F4-4B66-822F-ED6343B1A8D3}.Release|Any CPU.ActiveCfg = Release|Any CPU
		{08400B14-04F4-4B66-822F-ED6343B1A8D3}.Release|Any CPU.Build.0 = Release|Any CPU
		{08400B14-04F4-4B66-822F-ED6343B1A8D3}.Release|x64.ActiveCfg = Release|Any CPU
		{08400B14-04F4-4B66-822F-ED6343B1A8D3}.Release|x64.Build.0 = Release|Any CPU
		{08400B14-04F4-4B66-822F-ED6343B1A8D3}.Release|x86.ActiveCfg = Release|Any CPU
		{08400B14-04F4-4B66-822F-ED6343B1A8D3}.Release|x86.Build.0 = Release|Any CPU
	EndGlobalSection
EndGlobal
